
Microsoft Visual Studio Solution File, Format Version 12.00
# Visual Studio Version 16
VisualStudioVersion = 16.0.29215.179
MinimumVisualStudioVersion = 10.0.40219.1
Project("{FAE04EC0-301F-11D3-BF4B-00C04F79EFBC}") = "Lab_Assignment_5-4", "Lab_Assignment_5-4\Lab_Assignment_5-4.csproj", "{F3B605B0-9867-491B-A99B-7A01BAF8EB85}"
EndProject
Global
	GlobalSection(SolutionConfigurationPlatforms) = preSolution
		Debug|Any CPU = Debug|Any CPU
		Release|Any CPU = Release|Any CPU
	EndGlobalSection
	GlobalSection(ProjectConfigurationPlatforms) = postSolution
		{F3B605B0-9867-491B-A99B-7A01BAF8EB85}.Debug|Any CPU.ActiveCfg = Debug|Any CPU
		{F3B605B0-9867-491B-A99B-7A01BAF8EB85}.Debug|Any CPU.Build.0 = Debug|Any CPU
		{F3B605B0-9867-491B-A99B-7A01BAF8EB85}.Release|Any CPU.ActiveCfg = Release|Any CPU
		{F3B605B0-9867-491B-A99B-7A01BAF8EB85}.Release|Any CPU.Build.0 = Release|Any CPU
	EndGlobalSection
	GlobalSection(SolutionProperties) = preSolution
		HideSolutionNode = FALSE
	EndGlobalSection
	GlobalSection(ExtensibilityGlobals) = postSolution
		SolutionGuid = {1E5F9E3A-8166-4E97-B86C-21385C4EF80C}
	EndGlobalSection
EndGlobal
