
Microsoft Visual Studio Solution File, Format Version 12.00
# Visual Studio Version 16
VisualStudioVersion = 16.0.29215.179
MinimumVisualStudioVersion = 10.0.40219.1
Project("{FAE04EC0-301F-11D3-BF4B-00C04F79EFBC}") = "Lab_Assignment_5-2", "Lab_Assignment_5-2\Lab_Assignment_5-2.csproj", "{12FB6237-A263-4732-A067-591BD2736D49}"
EndProject
Global
	GlobalSection(SolutionConfigurationPlatforms) = preSolution
		Debug|Any CPU = Debug|Any CPU
		Release|Any CPU = Release|Any CPU
	EndGlobalSection
	GlobalSection(ProjectConfigurationPlatforms) = postSolution
		{12FB6237-A263-4732-A067-591BD2736D49}.Debug|Any CPU.ActiveCfg = Debug|Any CPU
		{12FB6237-A263-4732-A067-591BD2736D49}.Debug|Any CPU.Build.0 = Debug|Any CPU
		{12FB6237-A263-4732-A067-591BD2736D49}.Release|Any CPU.ActiveCfg = Release|Any CPU
		{12FB6237-A263-4732-A067-591BD2736D49}.Release|Any CPU.Build.0 = Release|Any CPU
	EndGlobalSection
	GlobalSection(SolutionProperties) = preSolution
		HideSolutionNode = FALSE
	EndGlobalSection
	GlobalSection(ExtensibilityGlobals) = postSolution
		SolutionGuid = {9A5BF6A9-BB9E-418A-9B2A-39149FEDD0E4}
	EndGlobalSection
EndGlobal
